
Microsoft Visual Studio Solution File, Format Version 12.00
# Visual Studio 15
VisualStudioVersion = 15.0.26124.0
MinimumVisualStudioVersion = 15.0.26124.0
Project("{2150E333-8FDC-42A3-9474-1A3956D46DE8}") = "src", "src", "{22DFAABC-B558-41DE-A532-CBE8334BDA13}"
EndProject
Project("{FAE04EC0-301F-11D3-BF4B-00C04F79EFBC}") = "Actio.Api", "src\Actio.Api\Actio.Api.csproj", "{6C887C01-6D04-48EF-A794-0523F9035CFA}"
EndProject
Project("{FAE04EC0-301F-11D3-BF4B-00C04F79EFBC}") = "Actio.Common", "src\Actio.Common\Actio.Common.csproj", "{251F8DA9-E563-4BFE-B043-11A200DC3287}"
EndProject
Project("{FAE04EC0-301F-11D3-BF4B-00C04F79EFBC}") = "Actio.Services.Activities", "src\Actio.Services.Activities\Actio.Services.Activities.csproj", "{5B04F477-35E1-488A-A8CA-1056D6FDF65D}"
EndProject
Project("{FAE04EC0-301F-11D3-BF4B-00C04F79EFBC}") = "Actio.Services.Identity", "src\Actio.Services.Identity\Actio.Services.Identity.csproj", "{67C49120-1F75-48C1-811A-B8046488A143}"
EndProject
Global
	GlobalSection(SolutionConfigurationPlatforms) = preSolution
		Debug|Any CPU = Debug|Any CPU
		Debug|x64 = Debug|x64
		Debug|x86 = Debug|x86
		Release|Any CPU = Release|Any CPU
		Release|x64 = Release|x64
		Release|x86 = Release|x86
	EndGlobalSection
	GlobalSection(SolutionProperties) = preSolution
		HideSolutionNode = FALSE
	EndGlobalSection
	GlobalSection(ProjectConfigurationPlatforms) = postSolution
		{6C887C01-6D04-48EF-A794-0523F9035CFA}.Debug|Any CPU.ActiveCfg = Debug|Any CPU
		{6C887C01-6D04-48EF-A794-0523F9035CFA}.Debug|Any CPU.Build.0 = Debug|Any CPU
		{6C887C01-6D04-48EF-A794-0523F9035CFA}.Debug|x64.ActiveCfg = Debug|Any CPU
		{6C887C01-6D04-48EF-A794-0523F9035CFA}.Debug|x64.Build.0 = Debug|Any CPU
		{6C887C01-6D04-48EF-A794-0523F9035CFA}.Debug|x86.ActiveCfg = Debug|Any CPU
		{6C887C01-6D04-48EF-A794-0523F9035CFA}.Debug|x86.Build.0 = Debug|Any CPU
		{6C887C01-6D04-48EF-A794-0523F9035CFA}.Release|Any CPU.ActiveCfg = Release|Any CPU
		{6C887C01-6D04-48EF-A794-0523F9035CFA}.Release|Any CPU.Build.0 = Release|Any CPU
		{6C887C01-6D04-48EF-A794-0523F9035CFA}.Release|x64.ActiveCfg = Release|Any CPU
		{6C887C01-6D04-48EF-A794-0523F9035CFA}.Release|x64.Build.0 = Release|Any CPU
		{6C887C01-6D04-48EF-A794-0523F9035CFA}.Release|x86.ActiveCfg = Release|Any CPU
		{6C887C01-6D04-48EF-A794-0523F9035CFA}.Release|x86.Build.0 = Release|Any CPU
		{251F8DA9-E563-4BFE-B043-11A200DC3287}.Debug|Any CPU.ActiveCfg = Debug|Any CPU
		{251F8DA9-E563-4BFE-B043-11A200DC3287}.Debug|Any CPU.Build.0 = Debug|Any CPU
		{251F8DA9-E563-4BFE-B043-11A200DC3287}.Debug|x64.ActiveCfg = Debug|Any CPU
		{251F8DA9-E563-4BFE-B043-11A200DC3287}.Debug|x64.Build.0 = Debug|Any CPU
		{251F8DA9-E563-4BFE-B043-11A200DC3287}.Debug|x86.ActiveCfg = Debug|Any CPU
		{251F8DA9-E563-4BFE-B043-11A200DC3287}.Debug|x86.Build.0 = Debug|Any CPU
		{251F8DA9-E563-4BFE-B043-11A200DC3287}.Release|Any CPU.ActiveCfg = Release|Any CPU
		{251F8DA9-E563-4BFE-B043-11A200DC3287}.Release|Any CPU.Build.0 = Release|Any CPU
		{251F8DA9-E563-4BFE-B043-11A200DC3287}.Release|x64.ActiveCfg = Release|Any CPU
		{251F8DA9-E563-4BFE-B043-11A200DC3287}.Release|x64.Build.0 = Release|Any CPU
		{251F8DA9-E563-4BFE-B043-11A200DC3287}.Release|x86.ActiveCfg = Release|Any CPU
		{251F8DA9-E563-4BFE-B043-11A200DC3287}.Release|x86.Build.0 = Release|Any CPU
		{5B04F477-35E1-488A-A8CA-1056D6FDF65D}.Debug|Any CPU.ActiveCfg = Debug|Any CPU
		{5B04F477-35E1-488A-A8CA-1056D6FDF65D}.Debug|Any CPU.Build.0 = Debug|Any CPU
		{5B04F477-35E1-488A-A8CA-1056D6FDF65D}.Debug|x64.ActiveCfg = Debug|Any CPU
		{5B04F477-35E1-488A-A8CA-1056D6FDF65D}.Debug|x64.Build.0 = Debug|Any CPU
		{5B04F477-35E1-488A-A8CA-1056D6FDF65D}.Debug|x86.ActiveCfg = Debug|Any CPU
		{5B04F477-35E1-488A-A8CA-1056D6FDF65D}.Debug|x86.Build.0 = Debug|Any CPU
		{5B04F477-35E1-488A-A8CA-1056D6FDF65D}.Release|Any CPU.ActiveCfg = Release|Any CPU
		{5B04F477-35E1-488A-A8CA-1056D6FDF65D}.Release|Any CPU.Build.0 = Release|Any CPU
		{5B04F477-35E1-488A-A8CA-1056D6FDF65D}.Release|x64.ActiveCfg = Release|Any CPU
		{5B04F477-35E1-488A-A8CA-1056D6FDF65D}.Release|x64.Build.0 = Release|Any CPU
		{5B04F477-35E1-488A-A8CA-1056D6FDF65D}.Release|x86.ActiveCfg = Release|Any CPU
		{5B04F477-35E1-488A-A8CA-1056D6FDF65D}.Release|x86.Build.0 = Release|Any CPU
		{67C49120-1F75-48C1-811A-B8046488A143}.Debug|Any CPU.ActiveCfg = Debug|Any CPU
		{67C49120-1F75-48C1-811A-B8046488A143}.Debug|Any CPU.Build.0 = Debug|Any CPU
		{67C49120-1F75-48C1-811A-B8046488A143}.Debug|x64.ActiveCfg = Debug|Any CPU
		{67C49120-1F75-48C1-811A-B8046488A143}.Debug|x64.Build.0 = Debug|Any CPU
		{67C49120-1F75-48C1-811A-B8046488A143}.Debug|x86.ActiveCfg = Debug|Any CPU
		{67C49120-1F75-48C1-811A-B8046488A143}.Debug|x86.Build.0 = Debug|Any CPU
		{67C49120-1F75-48C1-811A-B8046488A143}.Release|Any CPU.ActiveCfg = Release|Any CPU
		{67C49120-1F75-48C1-811A-B8046488A143}.Release|Any CPU.Build.0 = Release|Any CPU
		{67C49120-1F75-48C1-811A-B8046488A143}.Release|x64.ActiveCfg = Release|Any CPU
		{67C49120-1F75-48C1-811A-B8046488A143}.Release|x64.Build.0 = Release|Any CPU
		{67C49120-1F75-48C1-811A-B8046488A143}.Release|x86.ActiveCfg = Release|Any CPU
		{67C49120-1F75-48C1-811A-B8046488A143}.Release|x86.Build.0 = Release|Any CPU
	EndGlobalSection
	GlobalSection(NestedProjects) = preSolution
		{6C887C01-6D04-48EF-A794-0523F9035CFA} = {22DFAABC-B558-41DE-A532-CBE8334BDA13}
		{251F8DA9-E563-4BFE-B043-11A200DC3287} = {22DFAABC-B558-41DE-A532-CBE8334BDA13}
		{5B04F477-35E1-488A-A8CA-1056D6FDF65D} = {22DFAABC-B558-41DE-A532-CBE8334BDA13}
		{67C49120-1F75-48C1-811A-B8046488A143} = {22DFAABC-B558-41DE-A532-CBE8334BDA13}
	EndGlobalSection
EndGlobal
